
Microsoft Visual Studio Solution File, Format Version 12.00
# Visual Studio Version 17
VisualStudioVersion = 17.4.33205.214
MinimumVisualStudioVersion = 10.0.40219.1
Project("{FAE04EC0-301F-11D3-BF4B-00C04F79EFBC}") = "IndianStateCensusAnalyser", "IndianStateCensusAnalyser\IndianStateCensusAnalyser.csproj", "{4120C0E2-5808-4EDC-BC93-1AD393D0AD70}"
EndProject
Project("{FAE04EC0-301F-11D3-BF4B-00C04F79EFBC}") = "TestIndianStatesCensusAnalyser", "TestIndianStatesCensusAnalyser\TestIndianStatesCensusAnalyser.csproj", "{92065C97-E5CC-4D28-9D47-7A2FD12ABAD2}"
EndProject
Global
	GlobalSection(SolutionConfigurationPlatforms) = preSolution
		Debug|Any CPU = Debug|Any CPU
		Release|Any CPU = Release|Any CPU
	EndGlobalSection
	GlobalSection(ProjectConfigurationPlatforms) = postSolution
		{4120C0E2-5808-4EDC-BC93-1AD393D0AD70}.Debug|Any CPU.ActiveCfg = Debug|Any CPU
		{4120C0E2-5808-4EDC-BC93-1AD393D0AD70}.Debug|Any CPU.Build.0 = Debug|Any CPU
		{4120C0E2-5808-4EDC-BC93-1AD393D0AD70}.Release|Any CPU.ActiveCfg = Release|Any CPU
		{4120C0E2-5808-4EDC-BC93-1AD393D0AD70}.Release|Any CPU.Build.0 = Release|Any CPU
		{92065C97-E5CC-4D28-9D47-7A2FD12ABAD2}.Debug|Any CPU.ActiveCfg = Debug|Any CPU
		{92065C97-E5CC-4D28-9D47-7A2FD12ABAD2}.Debug|Any CPU.Build.0 = Debug|Any CPU
		{92065C97-E5CC-4D28-9D47-7A2FD12ABAD2}.Release|Any CPU.ActiveCfg = Release|Any CPU
		{92065C97-E5CC-4D28-9D47-7A2FD12ABAD2}.Release|Any CPU.Build.0 = Release|Any CPU
	EndGlobalSection
	GlobalSection(SolutionProperties) = preSolution
		HideSolutionNode = FALSE
	EndGlobalSection
	GlobalSection(ExtensibilityGlobals) = postSolution
		SolutionGuid = {8051EAD4-0BA7-415A-8B2C-1C0EEEC36AA9}
	EndGlobalSection
EndGlobal
